<?xml version="1.0" encoding="UTF-8" standalone="yes" ?>
<CodeBlocks_project_file>
	<FileVersion major="1" minor="6" />
	<Project>
		<Option title="SDL_1" />
		<Option pch_mode="2" />
		<Option compiler="gcc" />
		<Build>
			<Target title="Debug">
				<Option output="bin/Debug/SDL_1" prefix_auto="1" extension_auto="1" />
				<Option object_output="obj/Debug/" />
				<Option type="1" />
				<Option compiler="gcc" />
				<Compiler>
					<Add option="-g" />
				</Compiler>
			</Target>
			<Target title="Release">
				<Option output="bin/Release/SDL_1" prefix_auto="1" extension_auto="1" />
				<Option object_output="obj/Release/" />
				<Option type="1" />
				<Option compiler="gcc" />
				<Compiler>
					<Add option="-O2" />
				</Compiler>
				<Linker>
					<Add option="-s" />
				</Linker>
			</Target>
		</Build>
		<Compiler>
			<Add option="-Wall" />
		</Compiler>
		<Linker>
			<Add library="mingw32" />
			<Add library="SDL2main" />
			<Add library="SDL2" />
			<Add library="SDL2_image" />
			<Add library="SDL2_ttf" />
			<Add library="SDL2_mixer" />
		</Linker>
		<Unit filename="CApp.cpp" />
		<Unit filename="CApp.h" />
		<Unit filename="CApp_OnCleanup.cpp" />
		<Unit filename="CApp_OnEvent.cpp" />
		<Unit filename="CApp_OnInit.cpp" />
		<Unit filename="CApp_OnLoop.cpp" />
		<Unit filename="CApp_OnRender.cpp" />
		<Unit filename="Definitions.h" />
		<Unit filename="GAnimation.cpp" />
		<Unit filename="GAnimation.h" />
		<Unit filename="GArea.cpp" />
		<Unit filename="GArea.h" />
		<Unit filename="GCamera.cpp" />
		<Unit filename="GCamera.h" />
		<Unit filename="GEntity.cpp" />
		<Unit filename="GEntity.h" />
		<Unit filename="GEvent.cpp" />
		<Unit filename="GEvent.h" />
		<Unit filename="GFPS.cpp" />
		<Unit filename="GFPS.h" />
		<Unit filename="GMap.cpp" />
		<Unit filename="GMap.h" />
		<Unit filename="GTile.cpp" />
		<Unit filename="GTile.h" />
		<Unit filename="PlayerEntity.cpp" />
		<Unit filename="PlayerEntity.h" />
		<Unit filename="ResourceManager.h" />
		<Unit filename="TempTest.cpp" />
		<Unit filename="TextureUtils.h" />
		<Extensions>
			<code_completion />
			<envvars />
			<debugger />
			<lib_finder disable_auto="1" />
		</Extensions>
	</Project>
</CodeBlocks_project_file>
